
Microsoft Visual Studio Solution File, Format Version 12.00
# Visual Studio 15
VisualStudioVersion = 15.0.27130.2027
MinimumVisualStudioVersion = 10.0.40219.1
Project("{FAE04EC0-301F-11D3-BF4B-00C04F79EFBC}") = "MockUp", "MockUp\MockUp.csproj", "{9654DD98-E04E-4AA5-B9E3-D68C14131AA0}"
EndProject
Project("{FAE04EC0-301F-11D3-BF4B-00C04F79EFBC}") = "elFinder.Net", "D:\Documents\Projects\Sage\Butterfly\GUI Mock Up\elFinder.Net-master\elFinder.Net\elFinder.Net.csproj", "{EE8DA138-7EDA-4EB5-B3FD-377763D5EAAE}"
EndProject
Global
	GlobalSection(SolutionConfigurationPlatforms) = preSolution
		Debug|Any CPU = Debug|Any CPU
		Release|Any CPU = Release|Any CPU
	EndGlobalSection
	GlobalSection(ProjectConfigurationPlatforms) = postSolution
		{9654DD98-E04E-4AA5-B9E3-D68C14131AA0}.Debug|Any CPU.ActiveCfg = Debug|Any CPU
		{9654DD98-E04E-4AA5-B9E3-D68C14131AA0}.Debug|Any CPU.Build.0 = Debug|Any CPU
		{9654DD98-E04E-4AA5-B9E3-D68C14131AA0}.Release|Any CPU.ActiveCfg = Release|Any CPU
		{9654DD98-E04E-4AA5-B9E3-D68C14131AA0}.Release|Any CPU.Build.0 = Release|Any CPU
		{EE8DA138-7EDA-4EB5-B3FD-377763D5EAAE}.Debug|Any CPU.ActiveCfg = Debug|Any CPU
		{EE8DA138-7EDA-4EB5-B3FD-377763D5EAAE}.Debug|Any CPU.Build.0 = Debug|Any CPU
		{EE8DA138-7EDA-4EB5-B3FD-377763D5EAAE}.Release|Any CPU.ActiveCfg = Release|Any CPU
		{EE8DA138-7EDA-4EB5-B3FD-377763D5EAAE}.Release|Any CPU.Build.0 = Release|Any CPU
	EndGlobalSection
	GlobalSection(SolutionProperties) = preSolution
		HideSolutionNode = FALSE
	EndGlobalSection
	GlobalSection(ExtensibilityGlobals) = postSolution
		SolutionGuid = {883454C1-209D-4DD3-9B31-4C436BF1582A}
	EndGlobalSection
	GlobalSection(TeamFoundationVersionControl) = preSolution
		SccNumberOfProjects = 3
		SccEnterpriseProvider = {4CA58AB2-18FA-4F8D-95D4-32DDF27D184C}
		SccTeamFoundationServer = https://nondual.visualstudio.com/
		SccLocalPath0 = .
		SccProjectUniqueName1 = MockUp\\MockUp.csproj
		SccProjectName1 = MockUp
		SccLocalPath1 = MockUp
		SccProjectUniqueName2 = D:\\Documents\\Projects\\Sage\\Butterfly\\GUI\u0020Mock\u0020Up\\elFinder.Net-master\\elFinder.Net\\elFinder.Net.csproj
		SccProjectName2 = elFinder.Net
		SccLocalPath2 = D:\\Documents\\Projects\\Sage\\Butterfly\\GUI\u0020Mock\u0020Up\\elFinder.Net-master\\elFinder.Net
	EndGlobalSection
EndGlobal
